
Microsoft Visual Studio Solution File, Format Version 12.00
# Visual Studio Version 16
VisualStudioVersion = 16.0.31702.278
MinimumVisualStudioVersion = 10.0.40219.1
Project("{FAE04EC0-301F-11D3-BF4B-00C04F79EFBC}") = "WindowsFormsApp1", "WindowsFormsApp1.csproj", "{EBDC55A2-87AF-4172-9B13-A64D43098BB2}"
EndProject
Global
	GlobalSection(SolutionConfigurationPlatforms) = preSolution
		Debug|Any CPU = Debug|Any CPU
		Release|Any CPU = Release|Any CPU
	EndGlobalSection
	GlobalSection(ProjectConfigurationPlatforms) = postSolution
		{EBDC55A2-87AF-4172-9B13-A64D43098BB2}.Debug|Any CPU.ActiveCfg = Debug|Any CPU
		{EBDC55A2-87AF-4172-9B13-A64D43098BB2}.Debug|Any CPU.Build.0 = Debug|Any CPU
		{EBDC55A2-87AF-4172-9B13-A64D43098BB2}.Release|Any CPU.ActiveCfg = Release|Any CPU
		{EBDC55A2-87AF-4172-9B13-A64D43098BB2}.Release|Any CPU.Build.0 = Release|Any CPU
	EndGlobalSection
	GlobalSection(SolutionProperties) = preSolution
		HideSolutionNode = FALSE
	EndGlobalSection
	GlobalSection(ExtensibilityGlobals) = postSolution
		SolutionGuid = {4F03C258-BA16-459D-BCD4-331316572A2C}
	EndGlobalSection
EndGlobal
